
Microsoft Visual Studio Solution File, Format Version 12.00
# Visual Studio Version 16
VisualStudioVersion = 16.0.31129.286
MinimumVisualStudioVersion = 10.0.40219.1
Project("{FAE04EC0-301F-11D3-BF4B-00C04F79EFBC}") = "CompanyServiceAPI", "CompanyServiceAPI\CompanyServiceAPI.csproj", "{68821D00-AA6F-444E-BD2F-422234A30657}"
EndProject
Global
	GlobalSection(SolutionConfigurationPlatforms) = preSolution
		Debug|Any CPU = Debug|Any CPU
		Release|Any CPU = Release|Any CPU
	EndGlobalSection
	GlobalSection(ProjectConfigurationPlatforms) = postSolution
		{68821D00-AA6F-444E-BD2F-422234A30657}.Debug|Any CPU.ActiveCfg = Debug|Any CPU
		{68821D00-AA6F-444E-BD2F-422234A30657}.Debug|Any CPU.Build.0 = Debug|Any CPU
		{68821D00-AA6F-444E-BD2F-422234A30657}.Release|Any CPU.ActiveCfg = Release|Any CPU
		{68821D00-AA6F-444E-BD2F-422234A30657}.Release|Any CPU.Build.0 = Release|Any CPU
	EndGlobalSection
	GlobalSection(SolutionProperties) = preSolution
		HideSolutionNode = FALSE
	EndGlobalSection
	GlobalSection(ExtensibilityGlobals) = postSolution
		SolutionGuid = {CAAF2480-E213-4BA2-8BF8-0121F85D25E2}
	EndGlobalSection
EndGlobal
